# THIS IS AN AUTOGENERATED FILE. DO NOT EDIT THIS FILE DIRECTLY.
# yarn lockfile v1


bignumber.js@^9.0.0:
  version "9.0.0"
  resolved "https://registry.yarnpkg.com/bignumber.js/-/bignumber.js-9.0.0.tgz#805880f84a329b5eac6e7cb6f8274b6d82bdf075"
  integrity sha512-t/OYhhJ2SD+YGBQcjY8GzzDHEk9f3nerxjtfa6tlMXfe7frs/WozhvCNoGvpM0P3bNf3Gq5ZRMlGr5f3r4/N8A==

cbor@^5.0.1:
  version "5.0.1"
  resolved "https://registry.yarnpkg.com/cbor/-/cbor-5.0.1.tgz#243eea46b19c6e54ffb18fb07fa52c1c627a6f05"
  integrity sha512-l4ghwqioCyuAaD3LvY4ONwv8NMuERz62xjbMHGdWBqERJPygVmoFER1b4+VS6iW0rXwoVGuKZPPPTofwWOg3YQ==
  dependencies:
    bignumber.js "^9.0.0"
    nofilter "^1.0.3"

nofilter@^1.0.3:
  version "1.0.3"
  resolved "https://registry.yarnpkg.com/nofilter/-/nofilter-1.0.3.tgz#34e54b4cc9757de0cad38cc0d19462489b1b7f5d"
  integrity sha512-FlUlqwRK6reQCaFLAhMcF+6VkVG2caYjKQY3YsRDTl4/SEch595Qb3oLjJRDr8dkHAAOVj2pOx3VknfnSgkE5g==
